// !$*UTF8*$!
{
	archiveVersion = 1;
	classes = {
	};
	objectVersion = 77;
	objects = {

/* Begin PBXContainerItemProxy section */
		57FA85DF2CB91AD2003A0C9F /* PBXContainerItemProxy */ = {
			isa = PBXContainerItemProxy;
			containerPortal = 57FA85C62CB91AD1003A0C9F /* Project object */;
			proxyType = 1;
			remoteGlobalIDString = 57FA85CD2CB91AD1003A0C9F;
			remoteInfo = PumpkinFace;
		};
		57FA85E92CB91AD3003A0C9F /* PBXContainerItemProxy */ = {
			isa = PBXContainerItemProxy;
			containerPortal = 57FA85C62CB91AD1003A0C9F /* Project object */;
			proxyType = 1;
			remoteGlobalIDString = 57FA85CD2CB91AD1003A0C9F;
			remoteInfo = PumpkinFace;
		};
/* End PBXContainerItemProxy section */

/* Begin PBXFileReference section */
		57FA85CE2CB91AD1003A0C9F /* PumpkinFace.app */ = {isa = PBXFileReference; explicitFileType = wrapper.application; includeInIndex = 0; path = PumpkinFace.app; sourceTree = BUILT_PRODUCTS_DIR; };
		57FA85DE2CB91AD2003A0C9F /* PumpkinFaceTests.xctest */ = {isa = PBXFileReference; explicitFileType = wrapper.cfbundle; includeInIndex = 0; path = PumpkinFaceTests.xctest; sourceTree = BUILT_PRODUCTS_DIR; };
		57FA85E82CB91AD3003A0C9F /* PumpkinFaceUITests.xctest */ = {isa = PBXFileReference; explicitFileType = wrapper.cfbundle; includeInIndex = 0; path = PumpkinFaceUITests.xctest; sourceTree = BUILT_PRODUCTS_DIR; };
/* End PBXFileReference section */

/* Begin PBXFileSystemSynchronizedRootGroup section */
		57FA85D02CB91AD1003A0C9F /* PumpkinFace */ = {
			isa = PBXFileSystemSynchronizedRootGroup;
			path = PumpkinFace;
			sourceTree = "<group>";
		};
		57FA85E12CB91AD2003A0C9F /* PumpkinFaceTests */ = {
			isa = PBXFileSystemSynchronizedRootGroup;
			path = PumpkinFaceTests;
			sourceTree = "<group>";
		};
		57FA85EB2CB91AD3003A0C9F /* PumpkinFaceUITests */ = {
			isa = PBXFileSystemSynchronizedRootGroup;
			path = PumpkinFaceUITests;
			sourceTree = "<group>";
		};
/* End PBXFileSystemSynchronizedRootGroup section */

/* Begin PBXFrameworksBuildPhase section */
		57FA85CB2CB91AD1003A0C9F /* Frameworks */ = {
			isa = PBXFrameworksBuildPhase;
			buildActionMask = 2147483647;
			files = (
			);
			runOnlyForDeploymentPostprocessing = 0;
		};
		57FA85DB2CB91AD2003A0C9F /* Frameworks */ = {
			isa = PBXFrameworksBuildPhase;
			buildActionMask = 2147483647;
			files = (
			);
			runOnlyForDeploymentPostprocessing = 0;
		};
		57FA85E52CB91AD3003A0C9F /* Frameworks */ = {
			isa = PBXFrameworksBuildPhase;
			buildActionMask = 2147483647;
			files = (
			);
			runOnlyForDeploymentPostprocessing = 0;
		};
/* End PBXFrameworksBuildPhase section */

/* Begin PBXGroup section */
		57FA85C52CB91AD1003A0C9F = {
			isa = PBXGroup;
			children = (
				57FA85D02CB91AD1003A0C9F /* PumpkinFace */,
				57FA85E12CB91AD2003A0C9F /* PumpkinFaceTests */,
				57FA85EB2CB91AD3003A0C9F /* PumpkinFaceUITests */,
				57FA85CF2CB91AD1003A0C9F /* Products */,
			);
			sourceTree = "<group>";
		};
		57FA85CF2CB91AD1003A0C9F /* Products */ = {
			isa = PBXGroup;
			children = (
				57FA85CE2CB91AD1003A0C9F /* PumpkinFace.app */,
				57FA85DE2CB91AD2003A0C9F /* PumpkinFaceTests.xctest */,
				57FA85E82CB91AD3003A0C9F /* PumpkinFaceUITests.xctest */,
			);
			name = Products;
			sourceTree = "<group>";
		};
/* End PBXGroup section */

/* Begin PBXNativeTarget section */
		57FA85CD2CB91AD1003A0C9F /* PumpkinFace */ = {
			isa = PBXNativeTarget;
			buildConfigurationList = 57FA85F22CB91AD3003A0C9F /* Build configuration list for PBXNativeTarget "PumpkinFace" */;
			buildPhases = (
				57FA85CA2CB91AD1003A0C9F /* Sources */,
				57FA85CB2CB91AD1003A0C9F /* Frameworks */,
				57FA85CC2CB91AD1003A0C9F /* Resources */,
			);
			buildRules = (
			);
			dependencies = (
			);
			fileSystemSynchronizedGroups = (
				57FA85D02CB91AD1003A0C9F /* PumpkinFace */,
			);
			name = PumpkinFace;
			packageProductDependencies = (
			);
			productName = PumpkinFace;
			productReference = 57FA85CE2CB91AD1003A0C9F /* PumpkinFace.app */;
			productType = "com.apple.product-type.application";
		};
		57FA85DD2CB91AD2003A0C9F /* PumpkinFaceTests */ = {
			isa = PBXNativeTarget;
			buildConfigurationList = 57FA85F52CB91AD3003A0C9F /* Build configuration list for PBXNativeTarget "PumpkinFaceTests" */;
			buildPhases = (
				57FA85DA2CB91AD2003A0C9F /* Sources */,
				57FA85DB2CB91AD2003A0C9F /* Frameworks */,
				57FA85DC2CB91AD2003A0C9F /* Resources */,
			);
			buildRules = (
			);
			dependencies = (
				57FA85E02CB91AD2003A0C9F /* PBXTargetDependency */,
			);
			fileSystemSynchronizedGroups = (
				57FA85E12CB91AD2003A0C9F /* PumpkinFaceTests */,
			);
			name = PumpkinFaceTests;
			packageProductDependencies = (
			);
			productName = PumpkinFaceTests;
			productReference = 57FA85DE2CB91AD2003A0C9F /* PumpkinFaceTests.xctest */;
			productType = "com.apple.product-type.bundle.unit-test";
		};
		57FA85E72CB91AD3003A0C9F /* PumpkinFaceUITests */ = {
			isa = PBXNativeTarget;
			buildConfigurationList = 57FA85F82CB91AD3003A0C9F /* Build configuration list for PBXNativeTarget "PumpkinFaceUITests" */;
			buildPhases = (
				57FA85E42CB91AD3003A0C9F /* Sources */,
				57FA85E52CB91AD3003A0C9F /* Frameworks */,
				57FA85E62CB91AD3003A0C9F /* Resources */,
			);
			buildRules = (
			);
			dependencies = (
				57FA85EA2CB91AD3003A0C9F /* PBXTargetDependency */,
			);
			fileSystemSynchronizedGroups = (
				57FA85EB2CB91AD3003A0C9F /* PumpkinFaceUITests */,
			);
			name = PumpkinFaceUITests;
			packageProductDependencies = (
			);
			productName = PumpkinFaceUITests;
			productReference = 57FA85E82CB91AD3003A0C9F /* PumpkinFaceUITests.xctest */;
			productType = "com.apple.product-type.bundle.ui-testing";
		};
/* End PBXNativeTarget section */

/* Begin PBXProject section */
		57FA85C62CB91AD1003A0C9F /* Project object */ = {
			isa = PBXProject;
			attributes = {
				BuildIndependentTargetsInParallel = 1;
				LastSwiftUpdateCheck = 1600;
				LastUpgradeCheck = 1600;
				TargetAttributes = {
					57FA85CD2CB91AD1003A0C9F = {
						CreatedOnToolsVersion = 16.0;
					};
					57FA85DD2CB91AD2003A0C9F = {
						CreatedOnToolsVersion = 16.0;
						TestTargetID = 57FA85CD2CB91AD1003A0C9F;
					};
					57FA85E72CB91AD3003A0C9F = {
						CreatedOnToolsVersion = 16.0;
						TestTargetID = 57FA85CD2CB91AD1003A0C9F;
					};
				};
			};
			buildConfigurationList = 57FA85C92CB91AD1003A0C9F /* Build configuration list for PBXProject "PumpkinFace" */;
			developmentRegion = en;
			hasScannedForEncodings = 0;
			knownRegions = (
				en,
				Base,
			);
			mainGroup = 57FA85C52CB91AD1003A0C9F;
			minimizedProjectReferenceProxies = 1;
			preferredProjectObjectVersion = 77;
			productRefGroup = 57FA85CF2CB91AD1003A0C9F /* Products */;
			projectDirPath = "";
			projectRoot = "";
			targets = (
				57FA85CD2CB91AD1003A0C9F /* PumpkinFace */,
				57FA85DD2CB91AD2003A0C9F /* PumpkinFaceTests */,
				57FA85E72CB91AD3003A0C9F /* PumpkinFaceUITests */,
			);
		};
/* End PBXProject section */

/* Begin PBXResourcesBuildPhase section */
		57FA85CC2CB91AD1003A0C9F /* Resources */ = {
			isa = PBXResourcesBuildPhase;
			buildActionMask = 2147483647;
			files = (
			);
			runOnlyForDeploymentPostprocessing = 0;
		};
		57FA85DC2CB91AD2003A0C9F /* Resources */ = {
			isa = PBXResourcesBuildPhase;
			buildActionMask = 2147483647;
			files = (
			);
			runOnlyForDeploymentPostprocessing = 0;
		};
		57FA85E62CB91AD3003A0C9F /* Resources */ = {
			isa = PBXResourcesBuildPhase;
			buildActionMask = 2147483647;
			files = (
			);
			runOnlyForDeploymentPostprocessing = 0;
		};
/* End PBXResourcesBuildPhase section */

/* Begin PBXSourcesBuildPhase section */
		57FA85CA2CB91AD1003A0C9F /* Sources */ = {
			isa = PBXSourcesBuildPhase;
			buildActionMask = 2147483647;
			files = (
			);
			runOnlyForDeploymentPostprocessing = 0;
		};
		57FA85DA2CB91AD2003A0C9F /* Sources */ = {
			isa = PBXSourcesBuildPhase;
			buildActionMask = 2147483647;
			files = (
			);
			runOnlyForDeploymentPostprocessing = 0;
		};
		57FA85E42CB91AD3003A0C9F /* Sources */ = {
			isa = PBXSourcesBuildPhase;
			buildActionMask = 2147483647;
			files = (
			);
			runOnlyForDeploymentPostprocessing = 0;
		};
/* End PBXSourcesBuildPhase section */

/* Begin PBXTargetDependency section */
		57FA85E02CB91AD2003A0C9F /* PBXTargetDependency */ = {
			isa = PBXTargetDependency;
			target = 57FA85CD2CB91AD1003A0C9F /* PumpkinFace */;
			targetProxy = 57FA85DF2CB91AD2003A0C9F /* PBXContainerItemProxy */;
		};
		57FA85EA2CB91AD3003A0C9F /* PBXTargetDependency */ = {
			isa = PBXTargetDependency;
			target = 57FA85CD2CB91AD1003A0C9F /* PumpkinFace */;
			targetProxy = 57FA85E92CB91AD3003A0C9F /* PBXContainerItemProxy */;
		};
/* End PBXTargetDependency section */

/* Begin XCBuildConfiguration section */
		57FA85F02CB91AD3003A0C9F /* Debug */ = {
			isa = XCBuildConfiguration;
			buildSettings = {
				ALWAYS_SEARCH_USER_PATHS = NO;
				ASSETCATALOG_COMPILER_GENERATE_SWIFT_ASSET_SYMBOL_EXTENSIONS = YES;
				CLANG_ANALYZER_NONNULL = YES;
				CLANG_ANALYZER_NUMBER_OBJECT_CONVERSION = YES_AGGRESSIVE;
				CLANG_CXX_LANGUAGE_STANDARD = "gnu++20";
				CLANG_ENABLE_MODULES = YES;
				CLANG_ENABLE_OBJC_ARC = YES;
				CLANG_ENABLE_OBJC_WEAK = YES;
				CLANG_WARN_BLOCK_CAPTURE_AUTORELEASING = YES;
				CLANG_WARN_BOOL_CONVERSION = YES;
				CLANG_WARN_COMMA = YES;
				CLANG_WARN_CONSTANT_CONVERSION = YES;
				CLANG_WARN_DEPRECATED_OBJC_IMPLEMENTATIONS = YES;
				CLANG_WARN_DIRECT_OBJC_ISA_USAGE = YES_ERROR;
				CLANG_WARN_DOCUMENTATION_COMMENTS = YES;
				CLANG_WARN_EMPTY_BODY = YES;
				CLANG_WARN_ENUM_CONVERSION = YES;
				CLANG_WARN_INFINITE_RECURSION = YES;
				CLANG_WARN_INT_CONVERSION = YES;
				CLANG_WARN_NON_LITERAL_NULL_CONVERSION = YES;
				CLANG_WARN_OBJC_IMPLICIT_RETAIN_SELF = YES;
				CLANG_WARN_OBJC_LITERAL_CONVERSION = YES;
				CLANG_WARN_OBJC_ROOT_CLASS = YES_ERROR;
				CLANG_WARN_QUOTED_INCLUDE_IN_FRAMEWORK_HEADER = YES;
				CLANG_WARN_RANGE_LOOP_ANALYSIS = YES;
				CLANG_WARN_STRICT_PROTOTYPES = YES;
				CLANG_WARN_SUSPICIOUS_MOVE = YES;
				CLANG_WARN_UNGUARDED_AVAILABILITY = YES_AGGRESSIVE;
				CLANG_WARN_UNREACHABLE_CODE = YES;
				CLANG_WARN__DUPLICATE_METHOD_MATCH = YES;
				COPY_PHASE_STRIP = NO;
				DEBUG_INFORMATION_FORMAT = dwarf;
				ENABLE_STRICT_OBJC_MSGSEND = YES;
				ENABLE_TESTABILITY = YES;
				ENABLE_USER_SCRIPT_SANDBOXING = YES;
				GCC_C_LANGUAGE_STANDARD = gnu17;
				GCC_DYNAMIC_NO_PIC = NO;
				GCC_NO_COMMON_BLOCKS = YES;
				GCC_OPTIMIZATION_LEVEL = 0;
				GCC_PREPROCESSOR_DEFINITIONS = (
					"DEBUG=1",
					"$(inherited)",
				);
				GCC_WARN_64_TO_32_BIT_CONVERSION = YES;
				GCC_WARN_ABOUT_RETURN_TYPE = YES_ERROR;
				GCC_WARN_UNDECLARED_SELECTOR = YES;
				GCC_WARN_UNINITIALIZED_AUTOS = YES_AGGRESSIVE;
				GCC_WARN_UNUSED_FUNCTION = YES;
				GCC_WARN_UNUSED_VARIABLE = YES;
				IPHONEOS_DEPLOYMENT_TARGET = 18.0;
				LOCALIZATION_PREFERS_STRING_CATALOGS = YES;
				MTL_ENABLE_DEBUG_INFO = INCLUDE_SOURCE;
				MTL_FAST_MATH = YES;
				ONLY_ACTIVE_ARCH = YES;
				SDKROOT = iphoneos;
				SWIFT_ACTIVE_COMPILATION_CONDITIONS = "DEBUG $(inherited)";
				SWIFT_OPTIMIZATION_LEVEL = "-Onone";
			};
			name = Debug;
		};
		57FA85F12CB91AD3003A0C9F /* Release */ = {
			isa = XCBuildConfiguration;
			buildSettings = {
				ALWAYS_SEARCH_USER_PATHS = NO;
				ASSETCATALOG_COMPILER_GENERATE_SWIFT_ASSET_SYMBOL_EXTENSIONS = YES;
				CLANG_ANALYZER_NONNULL = YES;
				CLANG_ANALYZER_NUMBER_OBJECT_CONVERSION = YES_AGGRESSIVE;
				CLANG_CXX_LANGUAGE_STANDARD = "gnu++20";
				CLANG_ENABLE_MODULES = YES;
				CLANG_ENABLE_OBJC_ARC = YES;
				CLANG_ENABLE_OBJC_WEAK = YES;
				CLANG_WARN_BLOCK_CAPTURE_AUTORELEASING = YES;
				CLANG_WARN_BOOL_CONVERSION = YES;
				CLANG_WARN_COMMA = YES;
				CLANG_WARN_CONSTANT_CONVERSION = YES;
				CLANG_WARN_DEPRECATED_OBJC_IMPLEMENTATIONS = YES;
				CLANG_WARN_DIRECT_OBJC_ISA_USAGE = YES_ERROR;
				CLANG_WARN_DOCUMENTATION_COMMENTS = YES;
				CLANG_WARN_EMPTY_BODY = YES;
				CLANG_WARN_ENUM_CONVERSION = YES;
				CLANG_WARN_INFINITE_RECURSION = YES;
				CLANG_WARN_INT_CONVERSION = YES;
				CLANG_WARN_NON_LITERAL_NULL_CONVERSION = YES;
				CLANG_WARN_OBJC_IMPLICIT_RETAIN_SELF = YES;
				CLANG_WARN_OBJC_LITERAL_CONVERSION = YES;
				CLANG_WARN_OBJC_ROOT_CLASS = YES_ERROR;
				CLANG_WARN_QUOTED_INCLUDE_IN_FRAMEWORK_HEADER = YES;
				CLANG_WARN_RANGE_LOOP_ANALYSIS = YES;
				CLANG_WARN_STRICT_PROTOTYPES = YES;
				CLANG_WARN_SUSPICIOUS_MOVE = YES;
				CLANG_WARN_UNGUARDED_AVAILABILITY = YES_AGGRESSIVE;
				CLANG_WARN_UNREACHABLE_CODE = YES;
				CLANG_WARN__DUPLICATE_METHOD_MATCH = YES;
				COPY_PHASE_STRIP = NO;
				DEBUG_INFORMATION_FORMAT = "dwarf-with-dsym";
				ENABLE_NS_ASSERTIONS = NO;
				ENABLE_STRICT_OBJC_MSGSEND = YES;
				ENABLE_USER_SCRIPT_SANDBOXING = YES;
				GCC_C_LANGUAGE_STANDARD = gnu17;
				GCC_NO_COMMON_BLOCKS = YES;
				GCC_WARN_64_TO_32_BIT_CONVERSION = YES;
				GCC_WARN_ABOUT_RETURN_TYPE = YES_ERROR;
				GCC_WARN_UNDECLARED_SELECTOR = YES;
				GCC_WARN_UNINITIALIZED_AUTOS = YES_AGGRESSIVE;
				GCC_WARN_UNUSED_FUNCTION = YES;
				GCC_WARN_UNUSED_VARIABLE = YES;
				IPHONEOS_DEPLOYMENT_TARGET = 18.0;
				LOCALIZATION_PREFERS_STRING_CATALOGS = YES;
				MTL_ENABLE_DEBUG_INFO = NO;
				MTL_FAST_MATH = YES;
				SDKROOT = iphoneos;
				SWIFT_COMPILATION_MODE = wholemodule;
				VALIDATE_PRODUCT = YES;
			};
			name = Release;
		};
		57FA85F32CB91AD3003A0C9F /* Debug */ = {
			isa = XCBuildConfiguration;
			buildSettings = {
				ASSETCATALOG_COMPILER_APPICON_NAME = AppIcon;
				ASSETCATALOG_COMPILER_GLOBAL_ACCENT_COLOR_NAME = AccentColor;
				CODE_SIGN_STYLE = Automatic;
				CURRENT_PROJECT_VERSION = 1;
				DEVELOPMENT_ASSET_PATHS = "\"PumpkinFace/Preview Content\"";
				DEVELOPMENT_TEAM = 93RB8LM6HP;
				ENABLE_PREVIEWS = YES;
				GENERATE_INFOPLIST_FILE = YES;
				INFOPLIST_KEY_UIApplicationSceneManifest_Generation = YES;
				INFOPLIST_KEY_UIApplicationSupportsIndirectInputEvents = YES;
				INFOPLIST_KEY_UILaunchScreen_Generation = YES;
				INFOPLIST_KEY_UISupportedInterfaceOrientations_iPad = "UIInterfaceOrientationPortrait UIInterfaceOrientationPortraitUpsideDown UIInterfaceOrientationLandscapeLeft UIInterfaceOrientationLandscapeRight";
				INFOPLIST_KEY_UISupportedInterfaceOrientations_iPhone = "UIInterfaceOrientationPortrait UIInterfaceOrientationLandscapeLeft UIInterfaceOrientationLandscapeRight";
				LD_RUNPATH_SEARCH_PATHS = (
					"$(inherited)",
					"@executable_path/Frameworks",
				);
				MARKETING_VERSION = 1.0;
				PRODUCT_BUNDLE_IDENTIFIER = "com.innoq.pumpkin-app.PumpkinFace";
				PRODUCT_NAME = "$(TARGET_NAME)";
				SWIFT_EMIT_LOC_STRINGS = YES;
				SWIFT_VERSION = 5.0;
				TARGETED_DEVICE_FAMILY = "1,2";
			};
			name = Debug;
		};
		57FA85F42CB91AD3003A0C9F /* Release */ = {
			isa = XCBuildConfiguration;
			buildSettings = {
				ASSETCATALOG_COMPILER_APPICON_NAME = AppIcon;
				ASSETCATALOG_COMPILER_GLOBAL_ACCENT_COLOR_NAME = AccentColor;
				CODE_SIGN_STYLE = Automatic;
				CURRENT_PROJECT_VERSION = 1;
				DEVELOPMENT_ASSET_PATHS = "\"PumpkinFace/Preview Content\"";
				DEVELOPMENT_TEAM = 93RB8LM6HP;
				ENABLE_PREVIEWS = YES;
				GENERATE_INFOPLIST_FILE = YES;
				INFOPLIST_KEY_UIApplicationSceneManifest_Generation = YES;
				INFOPLIST_KEY_UIApplicationSupportsIndirectInputEvents = YES;
				INFOPLIST_KEY_UILaunchScreen_Generation = YES;
				INFOPLIST_KEY_UISupportedInterfaceOrientations_iPad = "UIInterfaceOrientationPortrait UIInterfaceOrientationPortraitUpsideDown UIInterfaceOrientationLandscapeLeft UIInterfaceOrientationLandscapeRight";
				INFOPLIST_KEY_UISupportedInterfaceOrientations_iPhone = "UIInterfaceOrientationPortrait UIInterfaceOrientationLandscapeLeft UIInterfaceOrientationLandscapeRight";
				LD_RUNPATH_SEARCH_PATHS = (
					"$(inherited)",
					"@executable_path/Frameworks",
				);
				MARKETING_VERSION = 1.0;
				PRODUCT_BUNDLE_IDENTIFIER = "com.innoq.pumpkin-app.PumpkinFace";
				PRODUCT_NAME = "$(TARGET_NAME)";
				SWIFT_EMIT_LOC_STRINGS = YES;
				SWIFT_VERSION = 5.0;
				TARGETED_DEVICE_FAMILY = "1,2";
			};
			name = Release;
		};
		57FA85F62CB91AD3003A0C9F /* Debug */ = {
			isa = XCBuildConfiguration;
			buildSettings = {
				BUNDLE_LOADER = "$(TEST_HOST)";
				CODE_SIGN_STYLE = Automatic;
				CURRENT_PROJECT_VERSION = 1;
				DEVELOPMENT_TEAM = 93RB8LM6HP;
				GENERATE_INFOPLIST_FILE = YES;
				IPHONEOS_DEPLOYMENT_TARGET = 18.0;
				MARKETING_VERSION = 1.0;
				PRODUCT_BUNDLE_IDENTIFIER = "com.innoq.pumpkin-app.PumpkinFaceTests";
				PRODUCT_NAME = "$(TARGET_NAME)";
				SWIFT_EMIT_LOC_STRINGS = NO;
				SWIFT_VERSION = 5.0;
				TARGETED_DEVICE_FAMILY = "1,2";
				TEST_HOST = "$(BUILT_PRODUCTS_DIR)/PumpkinFace.app/$(BUNDLE_EXECUTABLE_FOLDER_PATH)/PumpkinFace";
			};
			name = Debug;
		};
		57FA85F72CB91AD3003A0C9F /* Release */ = {
			isa = XCBuildConfiguration;
			buildSettings = {
				BUNDLE_LOADER = "$(TEST_HOST)";
				CODE_SIGN_STYLE = Automatic;
				CURRENT_PROJECT_VERSION = 1;
				DEVELOPMENT_TEAM = 93RB8LM6HP;
				GENERATE_INFOPLIST_FILE = YES;
				IPHONEOS_DEPLOYMENT_TARGET = 18.0;
				MARKETING_VERSION = 1.0;
				PRODUCT_BUNDLE_IDENTIFIER = "com.innoq.pumpkin-app.PumpkinFaceTests";
				PRODUCT_NAME = "$(TARGET_NAME)";
				SWIFT_EMIT_LOC_STRINGS = NO;
				SWIFT_VERSION = 5.0;
				TARGETED_DEVICE_FAMILY = "1,2";
				TEST_HOST = "$(BUILT_PRODUCTS_DIR)/PumpkinFace.app/$(BUNDLE_EXECUTABLE_FOLDER_PATH)/PumpkinFace";
			};
			name = Release;
		};
		57FA85F92CB91AD3003A0C9F /* Debug */ = {
			isa = XCBuildConfiguration;
			buildSettings = {
				CODE_SIGN_STYLE = Automatic;
				CURRENT_PROJECT_VERSION = 1;
				DEVELOPMENT_TEAM = 93RB8LM6HP;
				GENERATE_INFOPLIST_FILE = YES;
				MARKETING_VERSION = 1.0;
				PRODUCT_BUNDLE_IDENTIFIER = "com.innoq.pumpkin-app.PumpkinFaceUITests";
				PRODUCT_NAME = "$(TARGET_NAME)";
				SWIFT_EMIT_LOC_STRINGS = NO;
				SWIFT_VERSION = 5.0;
				TARGETED_DEVICE_FAMILY = "1,2";
				TEST_TARGET_NAME = PumpkinFace;
			};
			name = Debug;
		};
		57FA85FA2CB91AD3003A0C9F /* Release */ = {
			isa = XCBuildConfiguration;
			buildSettings = {
				CODE_SIGN_STYLE = Automatic;
				CURRENT_PROJECT_VERSION = 1;
				DEVELOPMENT_TEAM = 93RB8LM6HP;
				GENERATE_INFOPLIST_FILE = YES;
				MARKETING_VERSION = 1.0;
				PRODUCT_BUNDLE_IDENTIFIER = "com.innoq.pumpkin-app.PumpkinFaceUITests";
				PRODUCT_NAME = "$(TARGET_NAME)";
				SWIFT_EMIT_LOC_STRINGS = NO;
				SWIFT_VERSION = 5.0;
				TARGETED_DEVICE_FAMILY = "1,2";
				TEST_TARGET_NAME = PumpkinFace;
			};
			name = Release;
		};
/* End XCBuildConfiguration section */

/* Begin XCConfigurationList section */
		57FA85C92CB91AD1003A0C9F /* Build configuration list for PBXProject "PumpkinFace" */ = {
			isa = XCConfigurationList;
			buildConfigurations = (
				57FA85F02CB91AD3003A0C9F /* Debug */,
				57FA85F12CB91AD3003A0C9F /* Release */,
			);
			defaultConfigurationIsVisible = 0;
			defaultConfigurationName = Release;
		};
		57FA85F22CB91AD3003A0C9F /* Build configuration list for PBXNativeTarget "PumpkinFace" */ = {
			isa = XCConfigurationList;
			buildConfigurations = (
				57FA85F32CB91AD3003A0C9F /* Debug */,
				57FA85F42CB91AD3003A0C9F /* Release */,
			);
			defaultConfigurationIsVisible = 0;
			defaultConfigurationName = Release;
		};
		57FA85F52CB91AD3003A0C9F /* Build configuration list for PBXNativeTarget "PumpkinFaceTests" */ = {
			isa = XCConfigurationList;
			buildConfigurations = (
				57FA85F62CB91AD3003A0C9F /* Debug */,
				57FA85F72CB91AD3003A0C9F /* Release */,
			);
			defaultConfigurationIsVisible = 0;
			defaultConfigurationName = Release;
		};
		57FA85F82CB91AD3003A0C9F /* Build configuration list for PBXNativeTarget "PumpkinFaceUITests" */ = {
			isa = XCConfigurationList;
			buildConfigurations = (
				57FA85F92CB91AD3003A0C9F /* Debug */,
				57FA85FA2CB91AD3003A0C9F /* Release */,
			);
			defaultConfigurationIsVisible = 0;
			defaultConfigurationName = Release;
		};
/* End XCConfigurationList section */
	};
	rootObject = 57FA85C62CB91AD1003A0C9F /* Project object */;
}
